
Microsoft Visual Studio Solution File, Format Version 12.00
# Visual Studio Version 16
VisualStudioVersion = 16.0.29613.14
MinimumVisualStudioVersion = 10.0.40219.1
Project("{FAE04EC0-301F-11D3-BF4B-00C04F79EFBC}") = "SymbolTablesAndHashTables", "SymbolTablesAndHashTables\SymbolTablesAndHashTables.csproj", "{A419DEBD-8ED0-4B62-8B49-4DE40299995B}"
EndProject
Global
	GlobalSection(SolutionConfigurationPlatforms) = preSolution
		Debug|Any CPU = Debug|Any CPU
		Release|Any CPU = Release|Any CPU
	EndGlobalSection
	GlobalSection(ProjectConfigurationPlatforms) = postSolution
		{A419DEBD-8ED0-4B62-8B49-4DE40299995B}.Debug|Any CPU.ActiveCfg = Debug|Any CPU
		{A419DEBD-8ED0-4B62-8B49-4DE40299995B}.Debug|Any CPU.Build.0 = Debug|Any CPU
		{A419DEBD-8ED0-4B62-8B49-4DE40299995B}.Release|Any CPU.ActiveCfg = Release|Any CPU
		{A419DEBD-8ED0-4B62-8B49-4DE40299995B}.Release|Any CPU.Build.0 = Release|Any CPU
	EndGlobalSection
	GlobalSection(SolutionProperties) = preSolution
		HideSolutionNode = FALSE
	EndGlobalSection
	GlobalSection(ExtensibilityGlobals) = postSolution
		SolutionGuid = {37A343CD-FDD5-43DB-A69F-37B965D51165}
	EndGlobalSection
EndGlobal
